
Microsoft Visual Studio Solution File, Format Version 12.00
# Visual Studio Version 16
VisualStudioVersion = 16.0.31005.135
MinimumVisualStudioVersion = 10.0.40219.1
Project("{FAE04EC0-301F-11D3-BF4B-00C04F79EFBC}") = "Exercicios1a6", "Exercicios1a6\Exercicios1a6.csproj", "{C30DB589-0AE1-4660-B1B3-6F86B0591062}"
EndProject
Global
	GlobalSection(SolutionConfigurationPlatforms) = preSolution
		Debug|Any CPU = Debug|Any CPU
		Release|Any CPU = Release|Any CPU
	EndGlobalSection
	GlobalSection(ProjectConfigurationPlatforms) = postSolution
		{C30DB589-0AE1-4660-B1B3-6F86B0591062}.Debug|Any CPU.ActiveCfg = Debug|Any CPU
		{C30DB589-0AE1-4660-B1B3-6F86B0591062}.Debug|Any CPU.Build.0 = Debug|Any CPU
		{C30DB589-0AE1-4660-B1B3-6F86B0591062}.Release|Any CPU.ActiveCfg = Release|Any CPU
		{C30DB589-0AE1-4660-B1B3-6F86B0591062}.Release|Any CPU.Build.0 = Release|Any CPU
	EndGlobalSection
	GlobalSection(SolutionProperties) = preSolution
		HideSolutionNode = FALSE
	EndGlobalSection
	GlobalSection(ExtensibilityGlobals) = postSolution
		SolutionGuid = {601CA5F0-D4BC-4DDB-BBA4-2C3F56A78953}
	EndGlobalSection
EndGlobal
